// !$*UTF8*$!
{
	archiveVersion = 1;
	classes = {
	};
	objectVersion = 55;
	objects = {

/* Begin PBXBuildFile section */
		9802938C282D76A6009C2579 /* main.swift in Sources */ = {isa = PBXBuildFile; fileRef = 9802938B282D76A6009C2579 /* main.swift */; };
		98029393282D8BDB009C2579 /* Game.swift in Sources */ = {isa = PBXBuildFile; fileRef = 98029392282D8BDB009C2579 /* Game.swift */; };
		98029395282D8EA0009C2579 /* Player.swift in Sources */ = {isa = PBXBuildFile; fileRef = 98029394282D8EA0009C2579 /* Player.swift */; };
		98029397282D8EF5009C2579 /* Team.swift in Sources */ = {isa = PBXBuildFile; fileRef = 98029396282D8EF5009C2579 /* Team.swift */; };
		98029399282D8F12009C2579 /* Character.swift in Sources */ = {isa = PBXBuildFile; fileRef = 98029398282D8F12009C2579 /* Character.swift */; };
		9802939B282D90EA009C2579 /* Forge.swift in Sources */ = {isa = PBXBuildFile; fileRef = 9802939A282D90EA009C2579 /* Forge.swift */; };
		9802939D282D91F5009C2579 /* Guild.swift in Sources */ = {isa = PBXBuildFile; fileRef = 9802939C282D91F5009C2579 /* Guild.swift */; };
		9802939F282D9267009C2579 /* Warrior.swift in Sources */ = {isa = PBXBuildFile; fileRef = 9802939E282D9267009C2579 /* Warrior.swift */; };
		980293A1282D9278009C2579 /* Magus.swift in Sources */ = {isa = PBXBuildFile; fileRef = 980293A0282D9278009C2579 /* Magus.swift */; };
		980293A3282D9353009C2579 /* Colossus.swift in Sources */ = {isa = PBXBuildFile; fileRef = 980293A2282D9353009C2579 /* Colossus.swift */; };
		980293A6282D93DE009C2579 /* Dwarf.swift in Sources */ = {isa = PBXBuildFile; fileRef = 980293A5282D93DE009C2579 /* Dwarf.swift */; };
		980293A8282D9419009C2579 /* Sword.swift in Sources */ = {isa = PBXBuildFile; fileRef = 980293A7282D9419009C2579 /* Sword.swift */; };
		980293AB282D947E009C2579 /* Staff.swift in Sources */ = {isa = PBXBuildFile; fileRef = 980293AA282D947E009C2579 /* Staff.swift */; };
		980293AD282D94A5009C2579 /* Fists.swift in Sources */ = {isa = PBXBuildFile; fileRef = 980293AC282D94A5009C2579 /* Fists.swift */; };
		980293AF282D94FB009C2579 /* Axe.swift in Sources */ = {isa = PBXBuildFile; fileRef = 980293AE282D94FB009C2579 /* Axe.swift */; };
		980293B1282D9559009C2579 /* Statistics.swift in Sources */ = {isa = PBXBuildFile; fileRef = 980293B0282D9559009C2579 /* Statistics.swift */; };
		98751C8E28343C6B00669B45 /* Weapon.swift in Sources */ = {isa = PBXBuildFile; fileRef = 98751C8D28343C6B00669B45 /* Weapon.swift */; };
/* End PBXBuildFile section */

/* Begin PBXCopyFilesBuildPhase section */
		98029386282D76A6009C2579 /* CopyFiles */ = {
			isa = PBXCopyFilesBuildPhase;
			buildActionMask = 2147483647;
			dstPath = /usr/share/man/man1/;
			dstSubfolderSpec = 0;
			files = (
			);
			runOnlyForDeploymentPostprocessing = 1;
		};
/* End PBXCopyFilesBuildPhase section */

/* Begin PBXFileReference section */
		98029388282D76A6009C2579 /* Arena */ = {isa = PBXFileReference; explicitFileType = "compiled.mach-o.executable"; includeInIndex = 0; path = Arena; sourceTree = BUILT_PRODUCTS_DIR; };
		9802938B282D76A6009C2579 /* main.swift */ = {isa = PBXFileReference; lastKnownFileType = sourcecode.swift; path = main.swift; sourceTree = "<group>"; };
		98029392282D8BDB009C2579 /* Game.swift */ = {isa = PBXFileReference; lastKnownFileType = sourcecode.swift; path = Game.swift; sourceTree = "<group>"; };
		98029394282D8EA0009C2579 /* Player.swift */ = {isa = PBXFileReference; lastKnownFileType = sourcecode.swift; path = Player.swift; sourceTree = "<group>"; };
		98029396282D8EF5009C2579 /* Team.swift */ = {isa = PBXFileReference; lastKnownFileType = sourcecode.swift; path = Team.swift; sourceTree = "<group>"; };
		98029398282D8F12009C2579 /* Character.swift */ = {isa = PBXFileReference; lastKnownFileType = sourcecode.swift; path = Character.swift; sourceTree = "<group>"; };
		9802939A282D90EA009C2579 /* Forge.swift */ = {isa = PBXFileReference; lastKnownFileType = sourcecode.swift; path = Forge.swift; sourceTree = "<group>"; };
		9802939C282D91F5009C2579 /* Guild.swift */ = {isa = PBXFileReference; lastKnownFileType = sourcecode.swift; path = Guild.swift; sourceTree = "<group>"; };
		9802939E282D9267009C2579 /* Warrior.swift */ = {isa = PBXFileReference; lastKnownFileType = sourcecode.swift; path = Warrior.swift; sourceTree = "<group>"; };
		980293A0282D9278009C2579 /* Magus.swift */ = {isa = PBXFileReference; lastKnownFileType = sourcecode.swift; path = Magus.swift; sourceTree = "<group>"; };
		980293A2282D9353009C2579 /* Colossus.swift */ = {isa = PBXFileReference; lastKnownFileType = sourcecode.swift; path = Colossus.swift; sourceTree = "<group>"; };
		980293A5282D93DE009C2579 /* Dwarf.swift */ = {isa = PBXFileReference; lastKnownFileType = sourcecode.swift; path = Dwarf.swift; sourceTree = "<group>"; };
		980293A7282D9419009C2579 /* Sword.swift */ = {isa = PBXFileReference; lastKnownFileType = sourcecode.swift; path = Sword.swift; sourceTree = "<group>"; };
		980293AA282D947E009C2579 /* Staff.swift */ = {isa = PBXFileReference; lastKnownFileType = sourcecode.swift; path = Staff.swift; sourceTree = "<group>"; };
		980293AC282D94A5009C2579 /* Fists.swift */ = {isa = PBXFileReference; lastKnownFileType = sourcecode.swift; path = Fists.swift; sourceTree = "<group>"; };
		980293AE282D94FB009C2579 /* Axe.swift */ = {isa = PBXFileReference; lastKnownFileType = sourcecode.swift; path = Axe.swift; sourceTree = "<group>"; };
		980293B0282D9559009C2579 /* Statistics.swift */ = {isa = PBXFileReference; lastKnownFileType = sourcecode.swift; path = Statistics.swift; sourceTree = "<group>"; };
		98751C8D28343C6B00669B45 /* Weapon.swift */ = {isa = PBXFileReference; lastKnownFileType = sourcecode.swift; path = Weapon.swift; sourceTree = "<group>"; };
/* End PBXFileReference section */

/* Begin PBXFrameworksBuildPhase section */
		98029385282D76A6009C2579 /* Frameworks */ = {
			isa = PBXFrameworksBuildPhase;
			buildActionMask = 2147483647;
			files = (
			);
			runOnlyForDeploymentPostprocessing = 0;
		};
/* End PBXFrameworksBuildPhase section */

/* Begin PBXGroup section */
		9802937F282D76A6009C2579 = {
			isa = PBXGroup;
			children = (
				9802938A282D76A6009C2579 /* Arena */,
				98029389282D76A6009C2579 /* Products */,
			);
			sourceTree = "<group>";
		};
		98029389282D76A6009C2579 /* Products */ = {
			isa = PBXGroup;
			children = (
				98029388282D76A6009C2579 /* Arena */,
			);
			name = Products;
			sourceTree = "<group>";
		};
		9802938A282D76A6009C2579 /* Arena */ = {
			isa = PBXGroup;
			children = (
				9802938B282D76A6009C2579 /* main.swift */,
				98029392282D8BDB009C2579 /* Game.swift */,
				98029394282D8EA0009C2579 /* Player.swift */,
				98029396282D8EF5009C2579 /* Team.swift */,
				98029398282D8F12009C2579 /* Character.swift */,
				98751C8D28343C6B00669B45 /* Weapon.swift */,
				9802939A282D90EA009C2579 /* Forge.swift */,
				9802939C282D91F5009C2579 /* Guild.swift */,
				980293B0282D9559009C2579 /* Statistics.swift */,
				980293A9282D9433009C2579 /* Weapons */,
				980293A4282D938E009C2579 /* Jobs */,
			);
			path = Arena;
			sourceTree = "<group>";
		};
		980293A4282D938E009C2579 /* Jobs */ = {
			isa = PBXGroup;
			children = (
				9802939E282D9267009C2579 /* Warrior.swift */,
				980293A0282D9278009C2579 /* Magus.swift */,
				980293A2282D9353009C2579 /* Colossus.swift */,
				980293A5282D93DE009C2579 /* Dwarf.swift */,
			);
			path = Jobs;
			sourceTree = "<group>";
		};
		980293A9282D9433009C2579 /* Weapons */ = {
			isa = PBXGroup;
			children = (
				980293A7282D9419009C2579 /* Sword.swift */,
				980293AC282D94A5009C2579 /* Fists.swift */,
				980293AA282D947E009C2579 /* Staff.swift */,
				980293AE282D94FB009C2579 /* Axe.swift */,
			);
			path = Weapons;
			sourceTree = "<group>";
		};
/* End PBXGroup section */

/* Begin PBXNativeTarget section */
		98029387282D76A6009C2579 /* Arena */ = {
			isa = PBXNativeTarget;
			buildConfigurationList = 9802938F282D76A6009C2579 /* Build configuration list for PBXNativeTarget "Arena" */;
			buildPhases = (
				98029384282D76A6009C2579 /* Sources */,
				98029385282D76A6009C2579 /* Frameworks */,
				98029386282D76A6009C2579 /* CopyFiles */,
			);
			buildRules = (
			);
			dependencies = (
			);
			name = Arena;
			productName = Arena;
			productReference = 98029388282D76A6009C2579 /* Arena */;
			productType = "com.apple.product-type.tool";
		};
/* End PBXNativeTarget section */

/* Begin PBXProject section */
		98029380282D76A6009C2579 /* Project object */ = {
			isa = PBXProject;
			attributes = {
				BuildIndependentTargetsInParallel = 1;
				LastSwiftUpdateCheck = 1330;
				LastUpgradeCheck = 1330;
				TargetAttributes = {
					98029387282D76A6009C2579 = {
						CreatedOnToolsVersion = 13.3.1;
					};
				};
			};
			buildConfigurationList = 98029383282D76A6009C2579 /* Build configuration list for PBXProject "Arena" */;
			compatibilityVersion = "Xcode 13.0";
			developmentRegion = en;
			hasScannedForEncodings = 0;
			knownRegions = (
				en,
				Base,
			);
			mainGroup = 9802937F282D76A6009C2579;
			productRefGroup = 98029389282D76A6009C2579 /* Products */;
			projectDirPath = "";
			projectRoot = "";
			targets = (
				98029387282D76A6009C2579 /* Arena */,
			);
		};
/* End PBXProject section */

/* Begin PBXSourcesBuildPhase section */
		98029384282D76A6009C2579 /* Sources */ = {
			isa = PBXSourcesBuildPhase;
			buildActionMask = 2147483647;
			files = (
				980293A3282D9353009C2579 /* Colossus.swift in Sources */,
				9802939D282D91F5009C2579 /* Guild.swift in Sources */,
				980293AF282D94FB009C2579 /* Axe.swift in Sources */,
				98029397282D8EF5009C2579 /* Team.swift in Sources */,
				9802939B282D90EA009C2579 /* Forge.swift in Sources */,
				980293A6282D93DE009C2579 /* Dwarf.swift in Sources */,
				980293B1282D9559009C2579 /* Statistics.swift in Sources */,
				980293AD282D94A5009C2579 /* Fists.swift in Sources */,
				980293A8282D9419009C2579 /* Sword.swift in Sources */,
				9802938C282D76A6009C2579 /* main.swift in Sources */,
				98029399282D8F12009C2579 /* Character.swift in Sources */,
				980293A1282D9278009C2579 /* Magus.swift in Sources */,
				98029395282D8EA0009C2579 /* Player.swift in Sources */,
				9802939F282D9267009C2579 /* Warrior.swift in Sources */,
				980293AB282D947E009C2579 /* Staff.swift in Sources */,
				98751C8E28343C6B00669B45 /* Weapon.swift in Sources */,
				98029393282D8BDB009C2579 /* Game.swift in Sources */,
			);
			runOnlyForDeploymentPostprocessing = 0;
		};
/* End PBXSourcesBuildPhase section */

/* Begin XCBuildConfiguration section */
		9802938D282D76A6009C2579 /* Debug */ = {
			isa = XCBuildConfiguration;
			buildSettings = {
				ALWAYS_SEARCH_USER_PATHS = NO;
				CLANG_ANALYZER_NONNULL = YES;
				CLANG_ANALYZER_NUMBER_OBJECT_CONVERSION = YES_AGGRESSIVE;
				CLANG_CXX_LANGUAGE_STANDARD = "gnu++17";
				CLANG_ENABLE_MODULES = YES;
				CLANG_ENABLE_OBJC_ARC = YES;
				CLANG_ENABLE_OBJC_WEAK = YES;
				CLANG_WARN_BLOCK_CAPTURE_AUTORELEASING = YES;
				CLANG_WARN_BOOL_CONVERSION = YES;
				CLANG_WARN_COMMA = YES;
				CLANG_WARN_CONSTANT_CONVERSION = YES;
				CLANG_WARN_DEPRECATED_OBJC_IMPLEMENTATIONS = YES;
				CLANG_WARN_DIRECT_OBJC_ISA_USAGE = YES_ERROR;
				CLANG_WARN_DOCUMENTATION_COMMENTS = YES;
				CLANG_WARN_EMPTY_BODY = YES;
				CLANG_WARN_ENUM_CONVERSION = YES;
				CLANG_WARN_INFINITE_RECURSION = YES;
				CLANG_WARN_INT_CONVERSION = YES;
				CLANG_WARN_NON_LITERAL_NULL_CONVERSION = YES;
				CLANG_WARN_OBJC_IMPLICIT_RETAIN_SELF = YES;
				CLANG_WARN_OBJC_LITERAL_CONVERSION = YES;
				CLANG_WARN_OBJC_ROOT_CLASS = YES_ERROR;
				CLANG_WARN_QUOTED_INCLUDE_IN_FRAMEWORK_HEADER = YES;
				CLANG_WARN_RANGE_LOOP_ANALYSIS = YES;
				CLANG_WARN_STRICT_PROTOTYPES = YES;
				CLANG_WARN_SUSPICIOUS_MOVE = YES;
				CLANG_WARN_UNGUARDED_AVAILABILITY = YES_AGGRESSIVE;
				CLANG_WARN_UNREACHABLE_CODE = YES;
				CLANG_WARN__DUPLICATE_METHOD_MATCH = YES;
				COPY_PHASE_STRIP = NO;
				DEBUG_INFORMATION_FORMAT = dwarf;
				ENABLE_STRICT_OBJC_MSGSEND = YES;
				ENABLE_TESTABILITY = YES;
				GCC_C_LANGUAGE_STANDARD = gnu11;
				GCC_DYNAMIC_NO_PIC = NO;
				GCC_NO_COMMON_BLOCKS = YES;
				GCC_OPTIMIZATION_LEVEL = 0;
				GCC_PREPROCESSOR_DEFINITIONS = (
					"DEBUG=1",
					"$(inherited)",
				);
				GCC_WARN_64_TO_32_BIT_CONVERSION = YES;
				GCC_WARN_ABOUT_RETURN_TYPE = YES_ERROR;
				GCC_WARN_UNDECLARED_SELECTOR = YES;
				GCC_WARN_UNINITIALIZED_AUTOS = YES_AGGRESSIVE;
				GCC_WARN_UNUSED_FUNCTION = YES;
				GCC_WARN_UNUSED_VARIABLE = YES;
				MACOSX_DEPLOYMENT_TARGET = 12.1;
				MTL_ENABLE_DEBUG_INFO = INCLUDE_SOURCE;
				MTL_FAST_MATH = YES;
				ONLY_ACTIVE_ARCH = YES;
				SDKROOT = macosx;
				SWIFT_ACTIVE_COMPILATION_CONDITIONS = DEBUG;
				SWIFT_OPTIMIZATION_LEVEL = "-Onone";
			};
			name = Debug;
		};
		9802938E282D76A6009C2579 /* Release */ = {
			isa = XCBuildConfiguration;
			buildSettings = {
				ALWAYS_SEARCH_USER_PATHS = NO;
				CLANG_ANALYZER_NONNULL = YES;
				CLANG_ANALYZER_NUMBER_OBJECT_CONVERSION = YES_AGGRESSIVE;
				CLANG_CXX_LANGUAGE_STANDARD = "gnu++17";
				CLANG_ENABLE_MODULES = YES;
				CLANG_ENABLE_OBJC_ARC = YES;
				CLANG_ENABLE_OBJC_WEAK = YES;
				CLANG_WARN_BLOCK_CAPTURE_AUTORELEASING = YES;
				CLANG_WARN_BOOL_CONVERSION = YES;
				CLANG_WARN_COMMA = YES;
				CLANG_WARN_CONSTANT_CONVERSION = YES;
				CLANG_WARN_DEPRECATED_OBJC_IMPLEMENTATIONS = YES;
				CLANG_WARN_DIRECT_OBJC_ISA_USAGE = YES_ERROR;
				CLANG_WARN_DOCUMENTATION_COMMENTS = YES;
				CLANG_WARN_EMPTY_BODY = YES;
				CLANG_WARN_ENUM_CONVERSION = YES;
				CLANG_WARN_INFINITE_RECURSION = YES;
				CLANG_WARN_INT_CONVERSION = YES;
				CLANG_WARN_NON_LITERAL_NULL_CONVERSION = YES;
				CLANG_WARN_OBJC_IMPLICIT_RETAIN_SELF = YES;
				CLANG_WARN_OBJC_LITERAL_CONVERSION = YES;
				CLANG_WARN_OBJC_ROOT_CLASS = YES_ERROR;
				CLANG_WARN_QUOTED_INCLUDE_IN_FRAMEWORK_HEADER = YES;
				CLANG_WARN_RANGE_LOOP_ANALYSIS = YES;
				CLANG_WARN_STRICT_PROTOTYPES = YES;
				CLANG_WARN_SUSPICIOUS_MOVE = YES;
				CLANG_WARN_UNGUARDED_AVAILABILITY = YES_AGGRESSIVE;
				CLANG_WARN_UNREACHABLE_CODE = YES;
				CLANG_WARN__DUPLICATE_METHOD_MATCH = YES;
				COPY_PHASE_STRIP = NO;
				DEBUG_INFORMATION_FORMAT = "dwarf-with-dsym";
				ENABLE_NS_ASSERTIONS = NO;
				ENABLE_STRICT_OBJC_MSGSEND = YES;
				GCC_C_LANGUAGE_STANDARD = gnu11;
				GCC_NO_COMMON_BLOCKS = YES;
				GCC_WARN_64_TO_32_BIT_CONVERSION = YES;
				GCC_WARN_ABOUT_RETURN_TYPE = YES_ERROR;
				GCC_WARN_UNDECLARED_SELECTOR = YES;
				GCC_WARN_UNINITIALIZED_AUTOS = YES_AGGRESSIVE;
				GCC_WARN_UNUSED_FUNCTION = YES;
				GCC_WARN_UNUSED_VARIABLE = YES;
				MACOSX_DEPLOYMENT_TARGET = 12.1;
				MTL_ENABLE_DEBUG_INFO = NO;
				MTL_FAST_MATH = YES;
				SDKROOT = macosx;
				SWIFT_COMPILATION_MODE = wholemodule;
				SWIFT_OPTIMIZATION_LEVEL = "-O";
			};
			name = Release;
		};
		98029390282D76A6009C2579 /* Debug */ = {
			isa = XCBuildConfiguration;
			buildSettings = {
				CODE_SIGN_STYLE = Automatic;
				DEVELOPMENT_TEAM = GB34966X5M;
				ENABLE_HARDENED_RUNTIME = YES;
				PRODUCT_NAME = "$(TARGET_NAME)";
				SWIFT_VERSION = 5.0;
			};
			name = Debug;
		};
		98029391282D76A6009C2579 /* Release */ = {
			isa = XCBuildConfiguration;
			buildSettings = {
				CODE_SIGN_STYLE = Automatic;
				DEVELOPMENT_TEAM = GB34966X5M;
				ENABLE_HARDENED_RUNTIME = YES;
				PRODUCT_NAME = "$(TARGET_NAME)";
				SWIFT_VERSION = 5.0;
			};
			name = Release;
		};
/* End XCBuildConfiguration section */

/* Begin XCConfigurationList section */
		98029383282D76A6009C2579 /* Build configuration list for PBXProject "Arena" */ = {
			isa = XCConfigurationList;
			buildConfigurations = (
				9802938D282D76A6009C2579 /* Debug */,
				9802938E282D76A6009C2579 /* Release */,
			);
			defaultConfigurationIsVisible = 0;
			defaultConfigurationName = Release;
		};
		9802938F282D76A6009C2579 /* Build configuration list for PBXNativeTarget "Arena" */ = {
			isa = XCConfigurationList;
			buildConfigurations = (
				98029390282D76A6009C2579 /* Debug */,
				98029391282D76A6009C2579 /* Release */,
			);
			defaultConfigurationIsVisible = 0;
			defaultConfigurationName = Release;
		};
/* End XCConfigurationList section */
	};
	rootObject = 98029380282D76A6009C2579 /* Project object */;
}
